// !$*UTF8*$!
{
	archiveVersion = 1;
	classes = {
	};
	objectVersion = 46;
	objects = {

/* Begin PBXBuildFile section */
		D30F9A5E19447511006F49C6 /* taiwan.png in Resources */ = {isa = PBXBuildFile; fileRef = D30F9A5D19447511006F49C6 /* taiwan.png */; };
		D3380A23193F12620037AAF7 /* Foundation.framework in Frameworks */ = {isa = PBXBuildFile; fileRef = D3380A22193F12620037AAF7 /* Foundation.framework */; };
		D3380A25193F12620037AAF7 /* CoreGraphics.framework in Frameworks */ = {isa = PBXBuildFile; fileRef = D3380A24193F12620037AAF7 /* CoreGraphics.framework */; };
		D3380A27193F12620037AAF7 /* UIKit.framework in Frameworks */ = {isa = PBXBuildFile; fileRef = D3380A26193F12620037AAF7 /* UIKit.framework */; };
		D3380A2D193F12620037AAF7 /* InfoPlist.strings in Resources */ = {isa = PBXBuildFile; fileRef = D3380A2B193F12620037AAF7 /* InfoPlist.strings */; };
		D3380A2F193F12620037AAF7 /* main.m in Sources */ = {isa = PBXBuildFile; fileRef = D3380A2E193F12620037AAF7 /* main.m */; };
		D3380A33193F12620037AAF7 /* UGAppDelegate.m in Sources */ = {isa = PBXBuildFile; fileRef = D3380A32193F12620037AAF7 /* UGAppDelegate.m */; };
		D3380A36193F12620037AAF7 /* Main.storyboard in Resources */ = {isa = PBXBuildFile; fileRef = D3380A34193F12620037AAF7 /* Main.storyboard */; };
		D3380A39193F12620037AAF7 /* UGViewController.m in Sources */ = {isa = PBXBuildFile; fileRef = D3380A38193F12620037AAF7 /* UGViewController.m */; };
		D3380A3B193F12620037AAF7 /* Images.xcassets in Resources */ = {isa = PBXBuildFile; fileRef = D3380A3A193F12620037AAF7 /* Images.xcassets */; };
		D3380A42193F12620037AAF7 /* XCTest.framework in Frameworks */ = {isa = PBXBuildFile; fileRef = D3380A41193F12620037AAF7 /* XCTest.framework */; };
		D3380A43193F12620037AAF7 /* Foundation.framework in Frameworks */ = {isa = PBXBuildFile; fileRef = D3380A22193F12620037AAF7 /* Foundation.framework */; };
		D3380A44193F12620037AAF7 /* UIKit.framework in Frameworks */ = {isa = PBXBuildFile; fileRef = D3380A26193F12620037AAF7 /* UIKit.framework */; };
		D3380A4C193F12620037AAF7 /* InfoPlist.strings in Resources */ = {isa = PBXBuildFile; fileRef = D3380A4A193F12620037AAF7 /* InfoPlist.strings */; };
		D3380A4E193F12620037AAF7 /* PinTestTests.m in Sources */ = {isa = PBXBuildFile; fileRef = D3380A4D193F12620037AAF7 /* PinTestTests.m */; };
/* End PBXBuildFile section */

/* Begin PBXContainerItemProxy section */
		D3380A45193F12620037AAF7 /* PBXContainerItemProxy */ = {
			isa = PBXContainerItemProxy;
			containerPortal = D3380A17193F12620037AAF7 /* Project object */;
			proxyType = 1;
			remoteGlobalIDString = D3380A1E193F12620037AAF7;
			remoteInfo = PinTest;
		};
/* End PBXContainerItemProxy section */

/* Begin PBXFileReference section */
		D30F9A5D19447511006F49C6 /* taiwan.png */ = {isa = PBXFileReference; lastKnownFileType = image.png; path = taiwan.png; sourceTree = "<group>"; };
		D3380A1F193F12620037AAF7 /* PinTest.app */ = {isa = PBXFileReference; explicitFileType = wrapper.application; includeInIndex = 0; path = PinTest.app; sourceTree = BUILT_PRODUCTS_DIR; };
		D3380A22193F12620037AAF7 /* Foundation.framework */ = {isa = PBXFileReference; lastKnownFileType = wrapper.framework; name = Foundation.framework; path = System/Library/Frameworks/Foundation.framework; sourceTree = SDKROOT; };
		D3380A24193F12620037AAF7 /* CoreGraphics.framework */ = {isa = PBXFileReference; lastKnownFileType = wrapper.framework; name = CoreGraphics.framework; path = System/Library/Frameworks/CoreGraphics.framework; sourceTree = SDKROOT; };
		D3380A26193F12620037AAF7 /* UIKit.framework */ = {isa = PBXFileReference; lastKnownFileType = wrapper.framework; name = UIKit.framework; path = System/Library/Frameworks/UIKit.framework; sourceTree = SDKROOT; };
		D3380A2A193F12620037AAF7 /* PinTest-Info.plist */ = {isa = PBXFileReference; lastKnownFileType = text.plist.xml; path = "PinTest-Info.plist"; sourceTree = "<group>"; };
		D3380A2C193F12620037AAF7 /* en */ = {isa = PBXFileReference; lastKnownFileType = text.plist.strings; name = en; path = en.lproj/InfoPlist.strings; sourceTree = "<group>"; };
		D3380A2E193F12620037AAF7 /* main.m */ = {isa = PBXFileReference; lastKnownFileType = sourcecode.c.objc; path = main.m; sourceTree = "<group>"; };
		D3380A30193F12620037AAF7 /* PinTest-Prefix.pch */ = {isa = PBXFileReference; lastKnownFileType = sourcecode.c.h; path = "PinTest-Prefix.pch"; sourceTree = "<group>"; };
		D3380A31193F12620037AAF7 /* UGAppDelegate.h */ = {isa = PBXFileReference; lastKnownFileType = sourcecode.c.h; path = UGAppDelegate.h; sourceTree = "<group>"; };
		D3380A32193F12620037AAF7 /* UGAppDelegate.m */ = {isa = PBXFileReference; lastKnownFileType = sourcecode.c.objc; path = UGAppDelegate.m; sourceTree = "<group>"; };
		D3380A35193F12620037AAF7 /* Base */ = {isa = PBXFileReference; lastKnownFileType = file.storyboard; name = Base; path = Base.lproj/Main.storyboard; sourceTree = "<group>"; };
		D3380A37193F12620037AAF7 /* UGViewController.h */ = {isa = PBXFileReference; lastKnownFileType = sourcecode.c.h; path = UGViewController.h; sourceTree = "<group>"; };
		D3380A38193F12620037AAF7 /* UGViewController.m */ = {isa = PBXFileReference; lastKnownFileType = sourcecode.c.objc; path = UGViewController.m; sourceTree = "<group>"; };
		D3380A3A193F12620037AAF7 /* Images.xcassets */ = {isa = PBXFileReference; lastKnownFileType = folder.assetcatalog; path = Images.xcassets; sourceTree = "<group>"; };
		D3380A40193F12620037AAF7 /* PinTestTests.xctest */ = {isa = PBXFileReference; explicitFileType = wrapper.cfbundle; includeInIndex = 0; path = PinTestTests.xctest; sourceTree = BUILT_PRODUCTS_DIR; };
		D3380A41193F12620037AAF7 /* XCTest.framework */ = {isa = PBXFileReference; lastKnownFileType = wrapper.framework; name = XCTest.framework; path = Library/Frameworks/XCTest.framework; sourceTree = DEVELOPER_DIR; };
		D3380A49193F12620037AAF7 /* PinTestTests-Info.plist */ = {isa = PBXFileReference; lastKnownFileType = text.plist.xml; path = "PinTestTests-Info.plist"; sourceTree = "<group>"; };
		D3380A4B193F12620037AAF7 /* en */ = {isa = PBXFileReference; lastKnownFileType = text.plist.strings; name = en; path = en.lproj/InfoPlist.strings; sourceTree = "<group>"; };
		D3380A4D193F12620037AAF7 /* PinTestTests.m */ = {isa = PBXFileReference; lastKnownFileType = sourcecode.c.objc; path = PinTestTests.m; sourceTree = "<group>"; };
/* End PBXFileReference section */

/* Begin PBXFrameworksBuildPhase section */
		D3380A1C193F12620037AAF7 /* Frameworks */ = {
			isa = PBXFrameworksBuildPhase;
			buildActionMask = 2147483647;
			files = (
				D3380A25193F12620037AAF7 /* CoreGraphics.framework in Frameworks */,
				D3380A27193F12620037AAF7 /* UIKit.framework in Frameworks */,
				D3380A23193F12620037AAF7 /* Foundation.framework in Frameworks */,
			);
			runOnlyForDeploymentPostprocessing = 0;
		};
		D3380A3D193F12620037AAF7 /* Frameworks */ = {
			isa = PBXFrameworksBuildPhase;
			buildActionMask = 2147483647;
			files = (
				D3380A42193F12620037AAF7 /* XCTest.framework in Frameworks */,
				D3380A44193F12620037AAF7 /* UIKit.framework in Frameworks */,
				D3380A43193F12620037AAF7 /* Foundation.framework in Frameworks */,
			);
			runOnlyForDeploymentPostprocessing = 0;
		};
/* End PBXFrameworksBuildPhase section */

/* Begin PBXGroup section */
		D30F9A5C19447511006F49C6 /* images */ = {
			isa = PBXGroup;
			children = (
				D30F9A5D19447511006F49C6 /* taiwan.png */,
			);
			path = images;
			sourceTree = "<group>";
		};
		D3380A16193F12620037AAF7 = {
			isa = PBXGroup;
			children = (
				D3380A28193F12620037AAF7 /* PinTest */,
				D3380A47193F12620037AAF7 /* PinTestTests */,
				D3380A21193F12620037AAF7 /* Frameworks */,
				D3380A20193F12620037AAF7 /* Products */,
			);
			sourceTree = "<group>";
		};
		D3380A20193F12620037AAF7 /* Products */ = {
			isa = PBXGroup;
			children = (
				D3380A1F193F12620037AAF7 /* PinTest.app */,
				D3380A40193F12620037AAF7 /* PinTestTests.xctest */,
			);
			name = Products;
			sourceTree = "<group>";
		};
		D3380A21193F12620037AAF7 /* Frameworks */ = {
			isa = PBXGroup;
			children = (
				D3380A22193F12620037AAF7 /* Foundation.framework */,
				D3380A24193F12620037AAF7 /* CoreGraphics.framework */,
				D3380A26193F12620037AAF7 /* UIKit.framework */,
				D3380A41193F12620037AAF7 /* XCTest.framework */,
			);
			name = Frameworks;
			sourceTree = "<group>";
		};
		D3380A28193F12620037AAF7 /* PinTest */ = {
			isa = PBXGroup;
			children = (
				D30F9A5C19447511006F49C6 /* images */,
				D3380A31193F12620037AAF7 /* UGAppDelegate.h */,
				D3380A32193F12620037AAF7 /* UGAppDelegate.m */,
				D3380A34193F12620037AAF7 /* Main.storyboard */,
				D3380A37193F12620037AAF7 /* UGViewController.h */,
				D3380A38193F12620037AAF7 /* UGViewController.m */,
				D3380A3A193F12620037AAF7 /* Images.xcassets */,
				D3380A29193F12620037AAF7 /* Supporting Files */,
			);
			path = PinTest;
			sourceTree = "<group>";
		};
		D3380A29193F12620037AAF7 /* Supporting Files */ = {
			isa = PBXGroup;
			children = (
				D3380A2A193F12620037AAF7 /* PinTest-Info.plist */,
				D3380A2B193F12620037AAF7 /* InfoPlist.strings */,
				D3380A2E193F12620037AAF7 /* main.m */,
				D3380A30193F12620037AAF7 /* PinTest-Prefix.pch */,
			);
			name = "Supporting Files";
			sourceTree = "<group>";
		};
		D3380A47193F12620037AAF7 /* PinTestTests */ = {
			isa = PBXGroup;
			children = (
				D3380A4D193F12620037AAF7 /* PinTestTests.m */,
				D3380A48193F12620037AAF7 /* Supporting Files */,
			);
			path = PinTestTests;
			sourceTree = "<group>";
		};
		D3380A48193F12620037AAF7 /* Supporting Files */ = {
			isa = PBXGroup;
			children = (
				D3380A49193F12620037AAF7 /* PinTestTests-Info.plist */,
				D3380A4A193F12620037AAF7 /* InfoPlist.strings */,
			);
			name = "Supporting Files";
			sourceTree = "<group>";
		};
/* End PBXGroup section */

/* Begin PBXNativeTarget section */
		D3380A1E193F12620037AAF7 /* PinTest */ = {
			isa = PBXNativeTarget;
			buildConfigurationList = D3380A51193F12620037AAF7 /* Build configuration list for PBXNativeTarget "PinTest" */;
			buildPhases = (
				D3380A1B193F12620037AAF7 /* Sources */,
				D3380A1C193F12620037AAF7 /* Frameworks */,
				D3380A1D193F12620037AAF7 /* Resources */,
			);
			buildRules = (
			);
			dependencies = (
			);
			name = PinTest;
			productName = PinTest;
			productReference = D3380A1F193F12620037AAF7 /* PinTest.app */;
			productType = "com.apple.product-type.application";
		};
		D3380A3F193F12620037AAF7 /* PinTestTests */ = {
			isa = PBXNativeTarget;
			buildConfigurationList = D3380A54193F12620037AAF7 /* Build configuration list for PBXNativeTarget "PinTestTests" */;
			buildPhases = (
				D3380A3C193F12620037AAF7 /* Sources */,
				D3380A3D193F12620037AAF7 /* Frameworks */,
				D3380A3E193F12620037AAF7 /* Resources */,
			);
			buildRules = (
			);
			dependencies = (
				D3380A46193F12620037AAF7 /* PBXTargetDependency */,
			);
			name = PinTestTests;
			productName = PinTestTests;
			productReference = D3380A40193F12620037AAF7 /* PinTestTests.xctest */;
			productType = "com.apple.product-type.bundle.unit-test";
		};
/* End PBXNativeTarget section */

/* Begin PBXProject section */
		D3380A17193F12620037AAF7 /* Project object */ = {
			isa = PBXProject;
			attributes = {
				CLASSPREFIX = UG;
				LastUpgradeCheck = 0510;
				ORGANIZATIONNAME = bobo;
				TargetAttributes = {
					D3380A3F193F12620037AAF7 = {
						TestTargetID = D3380A1E193F12620037AAF7;
					};
				};
			};
			buildConfigurationList = D3380A1A193F12620037AAF7 /* Build configuration list for PBXProject "PinTest" */;
			compatibilityVersion = "Xcode 3.2";
			developmentRegion = English;
			hasScannedForEncodings = 0;
			knownRegions = (
				en,
				Base,
			);
			mainGroup = D3380A16193F12620037AAF7;
			productRefGroup = D3380A20193F12620037AAF7 /* Products */;
			projectDirPath = "";
			projectRoot = "";
			targets = (
				D3380A1E193F12620037AAF7 /* PinTest */,
				D3380A3F193F12620037AAF7 /* PinTestTests */,
			);
		};
/* End PBXProject section */

/* Begin PBXResourcesBuildPhase section */
		D3380A1D193F12620037AAF7 /* Resources */ = {
			isa = PBXResourcesBuildPhase;
			buildActionMask = 2147483647;
			files = (
				D3380A3B193F12620037AAF7 /* Images.xcassets in Resources */,
				D30F9A5E19447511006F49C6 /* taiwan.png in Resources */,
				D3380A2D193F12620037AAF7 /* InfoPlist.strings in Resources */,
				D3380A36193F12620037AAF7 /* Main.storyboard in Resources */,
			);
			runOnlyForDeploymentPostprocessing = 0;
		};
		D3380A3E193F12620037AAF7 /* Resources */ = {
			isa = PBXResourcesBuildPhase;
			buildActionMask = 2147483647;
			files = (
				D3380A4C193F12620037AAF7 /* InfoPlist.strings in Resources */,
			);
			runOnlyForDeploymentPostprocessing = 0;
		};
/* End PBXResourcesBuildPhase section */

/* Begin PBXSourcesBuildPhase section */
		D3380A1B193F12620037AAF7 /* Sources */ = {
			isa = PBXSourcesBuildPhase;
			buildActionMask = 2147483647;
			files = (
				D3380A33193F12620037AAF7 /* UGAppDelegate.m in Sources */,
				D3380A2F193F12620037AAF7 /* main.m in Sources */,
				D3380A39193F12620037AAF7 /* UGViewController.m in Sources */,
			);
			runOnlyForDeploymentPostprocessing = 0;
		};
		D3380A3C193F12620037AAF7 /* Sources */ = {
			isa = PBXSourcesBuildPhase;
			buildActionMask = 2147483647;
			files = (
				D3380A4E193F12620037AAF7 /* PinTestTests.m in Sources */,
			);
			runOnlyForDeploymentPostprocessing = 0;
		};
/* End PBXSourcesBuildPhase section */

/* Begin PBXTargetDependency section */
		D3380A46193F12620037AAF7 /* PBXTargetDependency */ = {
			isa = PBXTargetDependency;
			target = D3380A1E193F12620037AAF7 /* PinTest */;
			targetProxy = D3380A45193F12620037AAF7 /* PBXContainerItemProxy */;
		};
/* End PBXTargetDependency section */

/* Begin PBXVariantGroup section */
		D3380A2B193F12620037AAF7 /* InfoPlist.strings */ = {
			isa = PBXVariantGroup;
			children = (
				D3380A2C193F12620037AAF7 /* en */,
			);
			name = InfoPlist.strings;
			sourceTree = "<group>";
		};
		D3380A34193F12620037AAF7 /* Main.storyboard */ = {
			isa = PBXVariantGroup;
			children = (
				D3380A35193F12620037AAF7 /* Base */,
			);
			name = Main.storyboard;
			sourceTree = "<group>";
		};
		D3380A4A193F12620037AAF7 /* InfoPlist.strings */ = {
			isa = PBXVariantGroup;
			children = (
				D3380A4B193F12620037AAF7 /* en */,
			);
			name = InfoPlist.strings;
			sourceTree = "<group>";
		};
/* End PBXVariantGroup section */

/* Begin XCBuildConfiguration section */
		D3380A4F193F12620037AAF7 /* Debug */ = {
			isa = XCBuildConfiguration;
			buildSettings = {
				ALWAYS_SEARCH_USER_PATHS = NO;
				CLANG_CXX_LANGUAGE_STANDARD = "gnu++0x";
				CLANG_CXX_LIBRARY = "libc++";
				CLANG_ENABLE_MODULES = YES;
				CLANG_ENABLE_OBJC_ARC = YES;
				CLANG_WARN_BOOL_CONVERSION = YES;
				CLANG_WARN_CONSTANT_CONVERSION = YES;
				CLANG_WARN_DIRECT_OBJC_ISA_USAGE = YES_ERROR;
				CLANG_WARN_EMPTY_BODY = YES;
				CLANG_WARN_ENUM_CONVERSION = YES;
				CLANG_WARN_INT_CONVERSION = YES;
				CLANG_WARN_OBJC_ROOT_CLASS = YES_ERROR;
				CLANG_WARN__DUPLICATE_METHOD_MATCH = YES;
				"CODE_SIGN_IDENTITY[sdk=iphoneos*]" = "iPhone Developer";
				COPY_PHASE_STRIP = NO;
				GCC_C_LANGUAGE_STANDARD = gnu99;
				GCC_DYNAMIC_NO_PIC = NO;
				GCC_OPTIMIZATION_LEVEL = 0;
				GCC_PREPROCESSOR_DEFINITIONS = (
					"DEBUG=1",
					"$(inherited)",
				);
				GCC_SYMBOLS_PRIVATE_EXTERN = NO;
				GCC_WARN_64_TO_32_BIT_CONVERSION = YES;
				GCC_WARN_ABOUT_RETURN_TYPE = YES_ERROR;
				GCC_WARN_UNDECLARED_SELECTOR = YES;
				GCC_WARN_UNINITIALIZED_AUTOS = YES_AGGRESSIVE;
				GCC_WARN_UNUSED_FUNCTION = YES;
				GCC_WARN_UNUSED_VARIABLE = YES;
				IPHONEOS_DEPLOYMENT_TARGET = 7.1;
				ONLY_ACTIVE_ARCH = YES;
				SDKROOT = iphoneos;
			};
			name = Debug;
		};
		D3380A50193F12620037AAF7 /* Release */ = {
			isa = XCBuildConfiguration;
			buildSettings = {
				ALWAYS_SEARCH_USER_PATHS = NO;
				CLANG_CXX_LANGUAGE_STANDARD = "gnu++0x";
				CLANG_CXX_LIBRARY = "libc++";
				CLANG_ENABLE_MODULES = YES;
				CLANG_ENABLE_OBJC_ARC = YES;
				CLANG_WARN_BOOL_CONVERSION = YES;
				CLANG_WARN_CONSTANT_CONVERSION = YES;
				CLANG_WARN_DIRECT_OBJC_ISA_USAGE = YES_ERROR;
				CLANG_WARN_EMPTY_BODY = YES;
				CLANG_WARN_ENUM_CONVERSION = YES;
				CLANG_WARN_INT_CONVERSION = YES;
				CLANG_WARN_OBJC_ROOT_CLASS = YES_ERROR;
				CLANG_WARN__DUPLICATE_METHOD_MATCH = YES;
				"CODE_SIGN_IDENTITY[sdk=iphoneos*]" = "iPhone Developer";
				COPY_PHASE_STRIP = YES;
				ENABLE_NS_ASSERTIONS = NO;
				GCC_C_LANGUAGE_STANDARD = gnu99;
				GCC_WARN_64_TO_32_BIT_CONVERSION = YES;
				GCC_WARN_ABOUT_RETURN_TYPE = YES_ERROR;
				GCC_WARN_UNDECLARED_SELECTOR = YES;
				GCC_WARN_UNINITIALIZED_AUTOS = YES_AGGRESSIVE;
				GCC_WARN_UNUSED_FUNCTION = YES;
				GCC_WARN_UNUSED_VARIABLE = YES;
				IPHONEOS_DEPLOYMENT_TARGET = 7.1;
				SDKROOT = iphoneos;
				VALIDATE_PRODUCT = YES;
			};
			name = Release;
		};
		D3380A52193F12620037AAF7 /* Debug */ = {
			isa = XCBuildConfiguration;
			buildSettings = {
				ASSETCATALOG_COMPILER_APPICON_NAME = AppIcon;
				ASSETCATALOG_COMPILER_LAUNCHIMAGE_NAME = LaunchImage;
				GCC_PRECOMPILE_PREFIX_HEADER = YES;
				GCC_PREFIX_HEADER = "PinTest/PinTest-Prefix.pch";
				INFOPLIST_FILE = "PinTest/PinTest-Info.plist";
				PRODUCT_NAME = "$(TARGET_NAME)";
				WRAPPER_EXTENSION = app;
			};
			name = Debug;
		};
		D3380A53193F12620037AAF7 /* Release */ = {
			isa = XCBuildConfiguration;
			buildSettings = {
				ASSETCATALOG_COMPILER_APPICON_NAME = AppIcon;
				ASSETCATALOG_COMPILER_LAUNCHIMAGE_NAME = LaunchImage;
				GCC_PRECOMPILE_PREFIX_HEADER = YES;
				GCC_PREFIX_HEADER = "PinTest/PinTest-Prefix.pch";
				INFOPLIST_FILE = "PinTest/PinTest-Info.plist";
				PRODUCT_NAME = "$(TARGET_NAME)";
				WRAPPER_EXTENSION = app;
			};
			name = Release;
		};
		D3380A55193F12620037AAF7 /* Debug */ = {
			isa = XCBuildConfiguration;
			buildSettings = {
				BUNDLE_LOADER = "$(BUILT_PRODUCTS_DIR)/PinTest.app/PinTest";
				FRAMEWORK_SEARCH_PATHS = (
					"$(SDKROOT)/Developer/Library/Frameworks",
					"$(inherited)",
					"$(DEVELOPER_FRAMEWORKS_DIR)",
				);
				GCC_PRECOMPILE_PREFIX_HEADER = YES;
				GCC_PREFIX_HEADER = "PinTest/PinTest-Prefix.pch";
				GCC_PREPROCESSOR_DEFINITIONS = (
					"DEBUG=1",
					"$(inherited)",
				);
				INFOPLIST_FILE = "PinTestTests/PinTestTests-Info.plist";
				PRODUCT_NAME = "$(TARGET_NAME)";
				TEST_HOST = "$(BUNDLE_LOADER)";
				WRAPPER_EXTENSION = xctest;
			};
			name = Debug;
		};
		D3380A56193F12620037AAF7 /* Release */ = {
			isa = XCBuildConfiguration;
			buildSettings = {
				BUNDLE_LOADER = "$(BUILT_PRODUCTS_DIR)/PinTest.app/PinTest";
				FRAMEWORK_SEARCH_PATHS = (
					"$(SDKROOT)/Developer/Library/Frameworks",
					"$(inherited)",
					"$(DEVELOPER_FRAMEWORKS_DIR)",
				);
				GCC_PRECOMPILE_PREFIX_HEADER = YES;
				GCC_PREFIX_HEADER = "PinTest/PinTest-Prefix.pch";
				INFOPLIST_FILE = "PinTestTests/PinTestTests-Info.plist";
				PRODUCT_NAME = "$(TARGET_NAME)";
				TEST_HOST = "$(BUNDLE_LOADER)";
				WRAPPER_EXTENSION = xctest;
			};
			name = Release;
		};
/* End XCBuildConfiguration section */

/* Begin XCConfigurationList section */
		D3380A1A193F12620037AAF7 /* Build configuration list for PBXProject "PinTest" */ = {
			isa = XCConfigurationList;
			buildConfigurations = (
				D3380A4F193F12620037AAF7 /* Debug */,
				D3380A50193F12620037AAF7 /* Release */,
			);
			defaultConfigurationIsVisible = 0;
			defaultConfigurationName = Release;
		};
		D3380A51193F12620037AAF7 /* Build configuration list for PBXNativeTarget "PinTest" */ = {
			isa = XCConfigurationList;
			buildConfigurations = (
				D3380A52193F12620037AAF7 /* Debug */,
				D3380A53193F12620037AAF7 /* Release */,
			);
			defaultConfigurationIsVisible = 0;
			defaultConfigurationName = Release;
		};
		D3380A54193F12620037AAF7 /* Build configuration list for PBXNativeTarget "PinTestTests" */ = {
			isa = XCConfigurationList;
			buildConfigurations = (
				D3380A55193F12620037AAF7 /* Debug */,
				D3380A56193F12620037AAF7 /* Release */,
			);
			defaultConfigurationIsVisible = 0;
			defaultConfigurationName = Release;
		};
/* End XCConfigurationList section */
	};
	rootObject = D3380A17193F12620037AAF7 /* Project object */;
}
